
Microsoft Visual Studio Solution File, Format Version 12.00
# Visual Studio Version 17
VisualStudioVersion = 17.8.34322.80
MinimumVisualStudioVersion = 10.0.40219.1
Project("{FAE04EC0-301F-11D3-BF4B-00C04F79EFBC}") = "Week13SQLiteDB", "Week13SQLiteDB\Week13SQLiteDB.csproj", "{22390E14-8E30-402B-ABF7-42663B3465BE}"
EndProject
Global
	GlobalSection(SolutionConfigurationPlatforms) = preSolution
		Debug|Any CPU = Debug|Any CPU
		Release|Any CPU = Release|Any CPU
	EndGlobalSection
	GlobalSection(ProjectConfigurationPlatforms) = postSolution
		{22390E14-8E30-402B-ABF7-42663B3465BE}.Debug|Any CPU.ActiveCfg = Debug|Any CPU
		{22390E14-8E30-402B-ABF7-42663B3465BE}.Debug|Any CPU.Build.0 = Debug|Any CPU
		{22390E14-8E30-402B-ABF7-42663B3465BE}.Release|Any CPU.ActiveCfg = Release|Any CPU
		{22390E14-8E30-402B-ABF7-42663B3465BE}.Release|Any CPU.Build.0 = Release|Any CPU
	EndGlobalSection
	GlobalSection(SolutionProperties) = preSolution
		HideSolutionNode = FALSE
	EndGlobalSection
	GlobalSection(ExtensibilityGlobals) = postSolution
		SolutionGuid = {DBD508DF-0525-4EA4-819B-9DD8EF66F679}
	EndGlobalSection
EndGlobal
